
Microsoft Visual Studio Solution File, Format Version 12.00
# Visual Studio Version 17
VisualStudioVersion = 17.7.34031.279
MinimumVisualStudioVersion = 10.0.40219.1
Project("{FAE04EC0-301F-11D3-BF4B-00C04F79EFBC}") = "27.09.2023 Команды", "27.09.2023 Команды.csproj", "{2F06567B-01F2-46F3-A953-1C58E96DD261}"
EndProject
Global
	GlobalSection(SolutionConfigurationPlatforms) = preSolution
		Debug|Any CPU = Debug|Any CPU
		Release|Any CPU = Release|Any CPU
	EndGlobalSection
	GlobalSection(ProjectConfigurationPlatforms) = postSolution
		{2F06567B-01F2-46F3-A953-1C58E96DD261}.Debug|Any CPU.ActiveCfg = Debug|Any CPU
		{2F06567B-01F2-46F3-A953-1C58E96DD261}.Debug|Any CPU.Build.0 = Debug|Any CPU
		{2F06567B-01F2-46F3-A953-1C58E96DD261}.Release|Any CPU.ActiveCfg = Release|Any CPU
		{2F06567B-01F2-46F3-A953-1C58E96DD261}.Release|Any CPU.Build.0 = Release|Any CPU
	EndGlobalSection
	GlobalSection(SolutionProperties) = preSolution
		HideSolutionNode = FALSE
	EndGlobalSection
	GlobalSection(ExtensibilityGlobals) = postSolution
		SolutionGuid = {805B838F-CA37-4FBA-A8C7-60FE1BA63F1E}
	EndGlobalSection
EndGlobal
